
Microsoft Visual Studio Solution File, Format Version 12.00
# Visual Studio Version 17
VisualStudioVersion = 17.14.36127.28 d17.14
MinimumVisualStudioVersion = 10.0.40219.1
Project("{FAE04EC0-301F-11D3-BF4B-00C04F79EFBC}") = "StudentManager", "StudentManager\StudentManager.csproj", "{A42AFEA6-FFCF-4635-B4CE-4CFF4477DA3C}"
EndProject
Global
	GlobalSection(SolutionConfigurationPlatforms) = preSolution
		Debug|Any CPU = Debug|Any CPU
		Release|Any CPU = Release|Any CPU
	EndGlobalSection
	GlobalSection(ProjectConfigurationPlatforms) = postSolution
		{A42AFEA6-FFCF-4635-B4CE-4CFF4477DA3C}.Debug|Any CPU.ActiveCfg = Debug|Any CPU
		{A42AFEA6-FFCF-4635-B4CE-4CFF4477DA3C}.Debug|Any CPU.Build.0 = Debug|Any CPU
		{A42AFEA6-FFCF-4635-B4CE-4CFF4477DA3C}.Release|Any CPU.ActiveCfg = Release|Any CPU
		{A42AFEA6-FFCF-4635-B4CE-4CFF4477DA3C}.Release|Any CPU.Build.0 = Release|Any CPU
	EndGlobalSection
	GlobalSection(SolutionProperties) = preSolution
		HideSolutionNode = FALSE
	EndGlobalSection
	GlobalSection(ExtensibilityGlobals) = postSolution
		SolutionGuid = {B2F45142-80F5-43EA-B7FE-95D4FB1817C7}
	EndGlobalSection
EndGlobal
